
Microsoft Visual Studio Solution File, Format Version 12.00
# Visual Studio Version 17
VisualStudioVersion = 17.1.32210.238
MinimumVisualStudioVersion = 10.0.40219.1
Project("{FAE04EC0-301F-11D3-BF4B-00C04F79EFBC}") = "StringCalculaterKata", "StringCalculaterKata\StringCalculaterKata.csproj", "{3408FE4D-3AB4-4995-80EA-E17B1F3DFE48}"
EndProject
Project("{FAE04EC0-301F-11D3-BF4B-00C04F79EFBC}") = "StringCalculaterKata.Test", "StringCalculater.Test\StringCalculaterKata.Test.csproj", "{802443F4-2D34-4EBC-995C-EC035BCC2389}"
EndProject
Global
	GlobalSection(SolutionConfigurationPlatforms) = preSolution
		Debug|Any CPU = Debug|Any CPU
		Release|Any CPU = Release|Any CPU
	EndGlobalSection
	GlobalSection(ProjectConfigurationPlatforms) = postSolution
		{3408FE4D-3AB4-4995-80EA-E17B1F3DFE48}.Debug|Any CPU.ActiveCfg = Debug|Any CPU
		{3408FE4D-3AB4-4995-80EA-E17B1F3DFE48}.Debug|Any CPU.Build.0 = Debug|Any CPU
		{3408FE4D-3AB4-4995-80EA-E17B1F3DFE48}.Release|Any CPU.ActiveCfg = Release|Any CPU
		{3408FE4D-3AB4-4995-80EA-E17B1F3DFE48}.Release|Any CPU.Build.0 = Release|Any CPU
		{802443F4-2D34-4EBC-995C-EC035BCC2389}.Debug|Any CPU.ActiveCfg = Debug|Any CPU
		{802443F4-2D34-4EBC-995C-EC035BCC2389}.Debug|Any CPU.Build.0 = Debug|Any CPU
		{802443F4-2D34-4EBC-995C-EC035BCC2389}.Release|Any CPU.ActiveCfg = Release|Any CPU
		{802443F4-2D34-4EBC-995C-EC035BCC2389}.Release|Any CPU.Build.0 = Release|Any CPU
	EndGlobalSection
	GlobalSection(SolutionProperties) = preSolution
		HideSolutionNode = FALSE
	EndGlobalSection
	GlobalSection(ExtensibilityGlobals) = postSolution
		SolutionGuid = {98BB6C54-4BE8-4A1C-A2F6-28B8405CEB78}
	EndGlobalSection
EndGlobal
